
Microsoft Visual Studio Solution File, Format Version 12.00
# Visual Studio Version 17
VisualStudioVersion = 17.0.31903.59
MinimumVisualStudioVersion = 10.0.40219.1
Project("{2150E333-8FDC-42A3-9474-1A3956D46DE8}") = "src", "src", "{827E0CD3-B72D-47B6-A68D-7590B98EB39B}"
EndProject
Project("{FAE04EC0-301F-11D3-BF4B-00C04F79EFBC}") = "Atten.Core", "src\Atten.Core\Atten.Core.csproj", "{4E61503B-75D1-4BB1-AEB4-12922CA97774}"
EndProject
Project("{FAE04EC0-301F-11D3-BF4B-00C04F79EFBC}") = "Atten.Data", "src\Atten.Data\Atten.Data.csproj", "{7DDEEDA1-DBD5-4395-9B4B-A34BE8FE94CF}"
EndProject
Project("{FAE04EC0-301F-11D3-BF4B-00C04F79EFBC}") = "Atten.UI.Theme", "src\Atten.UI.Theme\Atten.UI.Theme.csproj", "{1147968E-444C-4745-A833-CD0B59D0151A}"
EndProject
Project("{FAE04EC0-301F-11D3-BF4B-00C04F79EFBC}") = "Atten.App", "src\Atten.App\Atten.App.csproj", "{04E4D091-506A-465C-AD1A-92BB1BFA0795}"
EndProject
Project("{2150E333-8FDC-42A3-9474-1A3956D46DE8}") = "tests", "tests", "{0AB3BF05-4346-4AA6-1389-037BE0695223}"
EndProject
Project("{FAE04EC0-301F-11D3-BF4B-00C04F79EFBC}") = "Atten.Core.Tests", "tests\Atten.Core.Tests\Atten.Core.Tests.csproj", "{94D32B03-34E3-4C15-AA73-71FB57502434}"
EndProject
Project("{FAE04EC0-301F-11D3-BF4B-00C04F79EFBC}") = "Atten.Data.Tests", "tests\Atten.Data.Tests\Atten.Data.Tests.csproj", "{3C8A1E27-6B4D-4F91-A2C5-8E7D0B9F4A16}"
EndProject
Global
	GlobalSection(SolutionConfigurationPlatforms) = preSolution
		Debug|Any CPU = Debug|Any CPU
		Debug|x64 = Debug|x64
		Debug|x86 = Debug|x86
		Release|Any CPU = Release|Any CPU
		Release|x64 = Release|x64
		Release|x86 = Release|x86
	EndGlobalSection
	GlobalSection(ProjectConfigurationPlatforms) = postSolution
		{4E61503B-75D1-4BB1-AEB4-12922CA97774}.Debug|Any CPU.ActiveCfg = Debug|Any CPU
		{4E61503B-75D1-4BB1-AEB4-12922CA97774}.Debug|Any CPU.Build.0 = Debug|Any CPU
		{4E61503B-75D1-4BB1-AEB4-12922CA97774}.Debug|x64.ActiveCfg = Debug|Any CPU
		{4E61503B-75D1-4BB1-AEB4-12922CA97774}.Debug|x64.Build.0 = Debug|Any CPU
		{4E61503B-75D1-4BB1-AEB4-12922CA97774}.Debug|x86.ActiveCfg = Debug|Any CPU
		{4E61503B-75D1-4BB1-AEB4-12922CA97774}.Debug|x86.Build.0 = Debug|Any CPU
		{4E61503B-75D1-4BB1-AEB4-12922CA97774}.Release|Any CPU.ActiveCfg = Release|Any CPU
		{4E61503B-75D1-4BB1-AEB4-12922CA97774}.Release|Any CPU.Build.0 = Release|Any CPU
		{4E61503B-75D1-4BB1-AEB4-12922CA97774}.Release|x64.ActiveCfg = Release|Any CPU
		{4E61503B-75D1-4BB1-AEB4-12922CA97774}.Release|x64.Build.0 = Release|Any CPU
		{4E61503B-75D1-4BB1-AEB4-12922CA97774}.Release|x86.ActiveCfg = Release|Any CPU
		{4E61503B-75D1-4BB1-AEB4-12922CA97774}.Release|x86.Build.0 = Release|Any CPU
		{7DDEEDA1-DBD5-4395-9B4B-A34BE8FE94CF}.Debug|Any CPU.ActiveCfg = Debug|Any CPU
		{7DDEEDA1-DBD5-4395-9B4B-A34BE8FE94CF}.Debug|Any CPU.Build.0 = Debug|Any CPU
		{7DDEEDA1-DBD5-4395-9B4B-A34BE8FE94CF}.Debug|x64.ActiveCfg = Debug|Any CPU
		{7DDEEDA1-DBD5-4395-9B4B-A34BE8FE94CF}.Debug|x64.Build.0 = Debug|Any CPU
		{7DDEEDA1-DBD5-4395-9B4B-A34BE8FE94CF}.Debug|x86.ActiveCfg = Debug|Any CPU
		{7DDEEDA1-DBD5-4395-9B4B-A34BE8FE94CF}.Debug|x86.Build.0 = Debug|Any CPU
		{7DDEEDA1-DBD5-4395-9B4B-A34BE8FE94CF}.Release|Any CPU.ActiveCfg = Release|Any CPU
		{7DDEEDA1-DBD5-4395-9B4B-A34BE8FE94CF}.Release|Any CPU.Build.0 = Release|Any CPU
		{7DDEEDA1-DBD5-4395-9B4B-A34BE8FE94CF}.Release|x64.ActiveCfg = Release|Any CPU
		{7DDEEDA1-DBD5-4395-9B4B-A34BE8FE94CF}.Release|x64.Build.0 = Release|Any CPU
		{7DDEEDA1-DBD5-4395-9B4B-A34BE8FE94CF}.Release|x86.ActiveCfg = Release|Any CPU
		{7DDEEDA1-DBD5-4395-9B4B-A34BE8FE94CF}.Release|x86.Build.0 = Release|Any CPU
		{1147968E-444C-4745-A833-CD0B59D0151A}.Debug|Any CPU.ActiveCfg = Debug|Any CPU
		{1147968E-444C-4745-A833-CD0B59D0151A}.Debug|Any CPU.Build.0 = Debug|Any CPU
		{1147968E-444C-4745-A833-CD0B59D0151A}.Debug|x64.ActiveCfg = Debug|Any CPU
		{1147968E-444C-4745-A833-CD0B59D0151A}.Debug|x64.Build.0 = Debug|Any CPU
		{1147968E-444C-4745-A833-CD0B59D0151A}.Debug|x86.ActiveCfg = Debug|Any CPU
		{1147968E-444C-4745-A833-CD0B59D0151A}.Debug|x86.Build.0 = Debug|Any CPU
		{1147968E-444C-4745-A833-CD0B59D0151A}.Release|Any CPU.ActiveCfg = Release|Any CPU
		{1147968E-444C-4745-A833-CD0B59D0151A}.Release|Any CPU.Build.0 = Release|Any CPU
		{1147968E-444C-4745-A833-CD0B59D0151A}.Release|x64.ActiveCfg = Release|Any CPU
		{1147968E-444C-4745-A833-CD0B59D0151A}.Release|x64.Build.0 = Release|Any CPU
		{1147968E-444C-4745-A833-CD0B59D0151A}.Release|x86.ActiveCfg = Release|Any CPU
		{1147968E-444C-4745-A833-CD0B59D0151A}.Release|x86.Build.0 = Release|Any CPU
		{04E4D091-506A-465C-AD1A-92BB1BFA0795}.Debug|Any CPU.ActiveCfg = Debug|Any CPU
		{04E4D091-506A-465C-AD1A-92BB1BFA0795}.Debug|Any CPU.Build.0 = Debug|Any CPU
		{04E4D091-506A-465C-AD1A-92BB1BFA0795}.Debug|x64.ActiveCfg = Debug|Any CPU
		{04E4D091-506A-465C-AD1A-92BB1BFA0795}.Debug|x64.Build.0 = Debug|Any CPU
		{04E4D091-506A-465C-AD1A-92BB1BFA0795}.Debug|x86.ActiveCfg = Debug|Any CPU
		{04E4D091-506A-465C-AD1A-92BB1BFA0795}.Debug|x86.Build.0 = Debug|Any CPU
		{04E4D091-506A-465C-AD1A-92BB1BFA0795}.Release|Any CPU.ActiveCfg = Release|Any CPU
		{04E4D091-506A-465C-AD1A-92BB1BFA0795}.Release|Any CPU.Build.0 = Release|Any CPU
		{04E4D091-506A-465C-AD1A-92BB1BFA0795}.Release|x64.ActiveCfg = Release|Any CPU
		{04E4D091-506A-465C-AD1A-92BB1BFA0795}.Release|x64.Build.0 = Release|Any CPU
		{04E4D091-506A-465C-AD1A-92BB1BFA0795}.Release|x86.ActiveCfg = Release|Any CPU
		{04E4D091-506A-465C-AD1A-92BB1BFA0795}.Release|x86.Build.0 = Release|Any CPU
		{94D32B03-34E3-4C15-AA73-71FB57502434}.Debug|Any CPU.ActiveCfg = Debug|Any CPU
		{94D32B03-34E3-4C15-AA73-71FB57502434}.Debug|Any CPU.Build.0 = Debug|Any CPU
		{94D32B03-34E3-4C15-AA73-71FB57502434}.Debug|x64.ActiveCfg = Debug|Any CPU
		{94D32B03-34E3-4C15-AA73-71FB57502434}.Debug|x64.Build.0 = Debug|Any CPU
		{94D32B03-34E3-4C15-AA73-71FB57502434}.Debug|x86.ActiveCfg = Debug|Any CPU
		{94D32B03-34E3-4C15-AA73-71FB57502434}.Debug|x86.Build.0 = Debug|Any CPU
		{94D32B03-34E3-4C15-AA73-71FB57502434}.Release|Any CPU.ActiveCfg = Release|Any CPU
		{94D32B03-34E3-4C15-AA73-71FB57502434}.Release|Any CPU.Build.0 = Release|Any CPU
		{94D32B03-34E3-4C15-AA73-71FB57502434}.Release|x64.ActiveCfg = Release|Any CPU
		{94D32B03-34E3-4C15-AA73-71FB57502434}.Release|x64.Build.0 = Release|Any CPU
		{94D32B03-34E3-4C15-AA73-71FB57502434}.Release|x86.ActiveCfg = Release|Any CPU
		{94D32B03-34E3-4C15-AA73-71FB57502434}.Release|x86.Build.0 = Release|Any CPU
		{3C8A1E27-6B4D-4F91-A2C5-8E7D0B9F4A16}.Debug|Any CPU.ActiveCfg = Debug|Any CPU
		{3C8A1E27-6B4D-4F91-A2C5-8E7D0B9F4A16}.Debug|Any CPU.Build.0 = Debug|Any CPU
		{3C8A1E27-6B4D-4F91-A2C5-8E7D0B9F4A16}.Debug|x64.ActiveCfg = Debug|Any CPU
		{3C8A1E27-6B4D-4F91-A2C5-8E7D0B9F4A16}.Debug|x64.Build.0 = Debug|Any CPU
		{3C8A1E27-6B4D-4F91-A2C5-8E7D0B9F4A16}.Debug|x86.ActiveCfg = Debug|Any CPU
		{3C8A1E27-6B4D-4F91-A2C5-8E7D0B9F4A16}.Debug|x86.Build.0 = Debug|Any CPU
		{3C8A1E27-6B4D-4F91-A2C5-8E7D0B9F4A16}.Release|Any CPU.ActiveCfg = Release|Any CPU
		{3C8A1E27-6B4D-4F91-A2C5-8E7D0B9F4A16}.Release|Any CPU.Build.0 = Release|Any CPU
		{3C8A1E27-6B4D-4F91-A2C5-8E7D0B9F4A16}.Release|x64.ActiveCfg = Release|Any CPU
		{3C8A1E27-6B4D-4F91-A2C5-8E7D0B9F4A16}.Release|x64.Build.0 = Release|Any CPU
		{3C8A1E27-6B4D-4F91-A2C5-8E7D0B9F4A16}.Release|x86.ActiveCfg = Release|Any CPU
		{3C8A1E27-6B4D-4F91-A2C5-8E7D0B9F4A16}.Release|x86.Build.0 = Release|Any CPU
	EndGlobalSection
	GlobalSection(SolutionProperties) = preSolution
		HideSolutionNode = FALSE
	EndGlobalSection
	GlobalSection(NestedProjects) = preSolution
		{4E61503B-75D1-4BB1-AEB4-12922CA97774} = {827E0CD3-B72D-47B6-A68D-7590B98EB39B}
		{7DDEEDA1-DBD5-4395-9B4B-A34BE8FE94CF} = {827E0CD3-B72D-47B6-A68D-7590B98EB39B}
		{1147968E-444C-4745-A833-CD0B59D0151A} = {827E0CD3-B72D-47B6-A68D-7590B98EB39B}
		{04E4D091-506A-465C-AD1A-92BB1BFA0795} = {827E0CD3-B72D-47B6-A68D-7590B98EB39B}
		{94D32B03-34E3-4C15-AA73-71FB57502434} = {0AB3BF05-4346-4AA6-1389-037BE0695223}
		{3C8A1E27-6B4D-4F91-A2C5-8E7D0B9F4A16} = {0AB3BF05-4346-4AA6-1389-037BE0695223}
	EndGlobalSection
EndGlobal
